<Solution>
  <Configurations>
    <Platform Name="Any CPU" />
    <Platform Name="x64" />
    <Platform Name="x86" />
  </Configurations>
  <Folder Name="/.github/">
    <Project Path=".github/BuildHelpers/BuildHelpers.csproj" />
    <Project Path=".github/RepoTool/RepoTool.csproj" />
  </Folder>
  <Folder Name="/cli/" />
  <Folder Name="/cli/src/">
    <Project Path="cli/src/Cli/Cli.csproj" />
    <Project Path="cli/src/Cli.PluginAbstractions/Cli.PluginAbstractions.csproj" />
  </Folder>
  <Folder Name="/cli/test/">
    <Project Path="cli/test/Cli.IntegrationTests/Cli.IntegrationTests.csproj" />
    <Project Path="cli/test/Cli.Tests/Cli.Tests.csproj" />
  </Folder>
  <Folder Name="/cli/testing/">
    <Project Path="cli/testing/Cli.TestPlugin/Cli.TestPlugin.csproj" />
  </Folder>
  <Folder Name="/conformance-report/" />
  <Folder Name="/conformance-report/src/">
    <Project Path="conformance-report/src/ConformanceReport/ConformanceReport.csproj" />
  </Folder>
  <Folder Name="/conformance-report/test/">
    <Project Path="conformance-report/test/ConformanceReport.Tests/ConformanceReport.Tests.csproj" />
  </Folder>
  <Folder Name="/conformance-report/tools/">
    <Project Path="conformance-report/tools/PublicApi/PublicApi.csproj" />
  </Folder>
  <Folder Name="/docs-mcp/">
    <File Path="docs-mcp/README.md" />
    <Project Path="docs-mcp/src/Documentation.Mcp/Documentation.Mcp.csproj" />
  </Folder>
  <Folder Name="/docs-mcp/tools/">
    <Project Path="docs-mcp/tools/PublicApi/PublicApi.csproj" />
  </Folder>
  <Folder Name="/docs-mcp/.config/">
    <File Path="docs-mcp/.config/dotnet-tools.json" />
  </Folder>
  <Folder Name="/identity-server/" />
  <Folder Name="/identity-server/aspire/">
    <Project Path="identity-server/aspire/AppHosts/All/All.csproj" />
    <Project Path="identity-server/aspire/AppHosts/Dev/Dev.csproj" />
    <Project Path="identity-server/aspire/ServiceDefaults/ServiceDefaults.csproj" />
  </Folder>
  <Folder Name="/identity-server/clients/" />
  <Folder Name="/identity-server/clients/src/">
    <Project Path="identity-server/clients/src/ConsoleCibaClient/ConsoleCibaClient.csproj" />
    <Project Path="identity-server/clients/src/ConsoleClientCredentialsFlow/ConsoleClientCredentialsFlow.csproj" />
    <Project Path="identity-server/clients/src/ConsoleClientCredentialsFlowCallingIdentityServerApi/ConsoleClientCredentialsFlowCallingIdentityServerApi.csproj" />
    <Project Path="identity-server/clients/src/ConsoleClientCredentialsFlowDPoP/ConsoleClientCredentialsFlowDPoP.csproj" />
    <Project Path="identity-server/clients/src/ConsoleClientCredentialsFlowPostBody/ConsoleClientCredentialsFlowPostBody.csproj" />
    <Project Path="identity-server/clients/src/ConsoleCode/ConsoleCode.csproj" />
    <Project Path="identity-server/clients/src/ConsoleCustomGrant/ConsoleExtensionGrant.csproj" />
    <Project Path="identity-server/clients/src/ConsoleDcrClient/ConsoleDcrClient.csproj" />
    <Project Path="identity-server/clients/src/ConsoleDeviceFlow/ConsoleDeviceFlow.csproj" />
    <Project Path="identity-server/clients/src/ConsoleEphemeralMtlsClient/ConsoleEphemeralMtlsClient.csproj" />
    <Project Path="identity-server/clients/src/ConsoleIntrospectionClient/ConsoleIntrospectionClient.csproj" />
    <Project Path="identity-server/clients/src/ConsoleMTLSClient/ConsoleMTLSClient.csproj" />
    <Project Path="identity-server/clients/src/ConsoleParameterizedScopeClient/ConsoleParameterizedScopeClient.csproj" />
    <Project Path="identity-server/clients/src/ConsolePrivateKeyJwtClient/ConsolePrivateKeyJwtClient.csproj" />
    <Project Path="identity-server/clients/src/ConsoleResourceIndicators/ConsoleResourceIndicators.csproj" />
    <Project Path="identity-server/clients/src/ConsoleResourceOwnerFlow/ConsoleResourceOwnerFlow.csproj" />
    <Project Path="identity-server/clients/src/ConsoleResourceOwnerFlowPublic/ConsoleResourceOwnerFlowPublic.csproj" />
    <Project Path="identity-server/clients/src/ConsoleResourceOwnerFlowReference/ConsoleResourceOwnerFlowReference.csproj" />
    <Project Path="identity-server/clients/src/ConsoleResourceOwnerFlowRefreshToken/ConsoleResourceOwnerFlowRefreshToken.csproj" />
    <Project Path="identity-server/clients/src/ConsoleResourceOwnerFlowUserInfo/ConsoleResourceOwnerFlowUserInfo.csproj" />
    <Project Path="identity-server/clients/src/ConsoleScopesResources/ConsoleScopesResources.csproj" />
    <Project Path="identity-server/clients/src/Constants/Constants.csproj" />
    <Project Path="identity-server/clients/src/JsOidc/JsOidc.csproj" />
    <Project Path="identity-server/clients/src/MvcAutomaticTokenManagement/MvcAutomaticTokenManagement.csproj" />
    <Project Path="identity-server/clients/src/MvcCode/MvcCode.csproj" />
    <Project Path="identity-server/clients/src/MvcDPoP/MvcDPoP.csproj" />
    <Project Path="identity-server/clients/src/MvcHybridBackChannel/MvcHybridBackChannel.csproj" />
    <Project Path="identity-server/clients/src/MvcJarJwt/MvcJarJwt.csproj" />
    <Project Path="identity-server/clients/src/MvcJarUriJwt/MvcJarUriJwt.csproj" />
    <Project Path="identity-server/clients/src/MvcSaml/MvcSaml.csproj" />
    <Project Path="identity-server/clients/src/Web/Web.csproj" />
    <Project Path="identity-server/clients/src/WindowsConsoleSystemBrowser/WindowsConsoleSystemBrowser.csproj" />
  </Folder>
  <Folder Name="/identity-server/clients/src/APIs/">
    <Project Path="identity-server/clients/src/APIs/DPoPApi/DPoPApi.csproj" />
    <Project Path="identity-server/clients/src/APIs/MtlsApi/MtlsApi.csproj" />
    <Project Path="identity-server/clients/src/APIs/ResourceBasedApi/ResourceBasedApi.csproj" />
    <Project Path="identity-server/clients/src/APIs/SimpleApi/SimpleApi.csproj" />
  </Folder>
  <Folder Name="/identity-server/hosts/">
    <Project Path="identity-server/hosts/AspNetIdentity10/Host.AspNetIdentity10.csproj" />
    <Project Path="identity-server/hosts/EntityFramework10/Host.EntityFramework10.csproj" />
    <Project Path="identity-server/hosts/Main10/Host.Main10.csproj" />
    <Project Path="identity-server/hosts/Shared/Host.Shared.csproj" />
  </Folder>
  <Folder Name="/identity-server/hosts/UI/">
    <Project Path="identity-server/hosts/UI/AspNetIdentity/UI.AspNetIdentity.csproj" />
    <Project Path="identity-server/hosts/UI/EntityFramework/UI.EntityFramework.csproj" />
    <Project Path="identity-server/hosts/UI/Main/UI.Main.csproj" />
  </Folder>
  <Folder Name="/identity-server/migrations/">
    <Project Path="identity-server/migrations/AspNetIdentityDb/AspNetIdentityDb.csproj" />
    <Project Path="identity-server/migrations/IdentityServerDb/IdentityServerDb.csproj" />
  </Folder>
  <Folder Name="/identity-server/perf/">
    <Project Path="identity-server/perf/IdentityServer.PerfTests/IdentityServer.PerfTests.csproj" />
  </Folder>
  <Folder Name="/identity-server/src/">
    <Project Path="identity-server/src/AspNetIdentity/IdentityServer.AspNetIdentity.csproj" />
    <Project Path="identity-server/src/Configuration.EntityFramework/IdentityServer.Configuration.EntityFramework.csproj" />
    <Project Path="identity-server/src/Configuration/IdentityServer.Configuration.csproj" />
    <Project Path="identity-server/src/EntityFramework.Storage/IdentityServer.EntityFramework.Storage.csproj" />
    <Project Path="identity-server/src/EntityFramework/IdentityServer.EntityFramework.csproj" />
    <Project Path="identity-server/src/IdentityServer.ConformanceReport/IdentityServer.ConformanceReport.csproj" />
    <Project Path="identity-server/src/IdentityServer/IdentityServer.csproj" />
    <Project Path="identity-server/src/Storage/IdentityServer.Storage.csproj" />
    <Project Path="identity-server/src/UserManagement/IdentityServer.UserManagement.csproj" />
  </Folder>
  <Folder Name="/identity-server/templates/" />
  <Folder Name="/identity-server/templates/src/">
    <Project Path="identity-server/templates/src/IdentityServer/IdentityServerTemplate.csproj" />
    <Project Path="identity-server/templates/src/IdentityServerAspNetIdentity/IdentityServerAspNetIdentity.csproj" />
    <Project Path="identity-server/templates/src/IdentityServerEmpty/IdentityServerEmpty.csproj" />
    <Project Path="identity-server/templates/src/IdentityServerEntityFramework/IdentityServerEntityFramework.csproj" />
    <Project Path="identity-server/templates/src/IdentityServerInMem/IdentityServerInMem.csproj" />
    <Project Path="identity-server/templates/src/WebApp/TemplateWebApp.csproj" />
  </Folder>
  <Folder Name="/identity-server/test/">
    <Project Path="identity-server/test/IdentityServer.EndToEndTests/IdentityServer.EndToEndTests.csproj" />
    <Project Path="identity-server/test/IdentityServer.IntegrationTests/IdentityServer.IntegrationTests.csproj" />
    <Project Path="identity-server/test/IdentityServer.UnitTests/IdentityServer.UnitTests.csproj" />
    <Project Path="identity-server/test/IdentityServer.UserManagement.UnitTests/IdentityServer.UserManagement.UnitTests.csproj" />
  </Folder>
  <Folder Name="/identity-server/tools/">
    <Project Path="identity-server/tools/PublicApi/PublicApi.csproj" />
  </Folder>
  <Folder Name="/ignore-this/" />
  <Folder Name="/ignore-this/src/">
    <Project Path="ignore-this/src/IgnoreThis/IgnoreThis.csproj" />
  </Folder>
  <Folder Name="/ignore-this/test/">
    <Project Path="ignore-this/test/IgnoreThis.Tests/IgnoreThis.Tests.csproj" />
  </Folder>

  <Folder Name="/user-management/samples/">
    <Project Path="user-management/samples/AspNetIdentityApp/AspNetIdentityApp.csproj" />
    <Project Path="user-management/samples/ExternalAuthentication/ExternalAuthentication.csproj" />
    <Project Path="user-management/samples/MfaStepUp/MfaStepUp.csproj" />
    <Project Path="user-management/samples/OtpAuthentication/OtpAuthentication.csproj" />
    <Project Path="user-management/samples/OtpIdentityServer/OtpIdentityServer.csproj" />
    <Project Path="user-management/samples/PasskeyAuthentication.Sdk/PasskeyAuthentication.Sdk.csproj" />
    <Project Path="user-management/samples/PasskeyAuthentication/PasskeyAuthentication.csproj" />
    <Project Path="user-management/samples/PasskeyAuthenticationAs2FA/PasskeyAuthenticationAs2FA.csproj" />
    <Project Path="user-management/samples/PasswordValidation/PasswordValidation.csproj" />
    <Project Path="user-management/samples/PlatformUserManagementApp/PlatformUserManagementApp.csproj" />
    <Project Path="user-management/samples/SimpleWebApp/SimpleWebApp.csproj" />
    <Project Path="user-management/samples/TotpAuthentication/TotpAuthentication.csproj" />
    <Project Path="user-management/samples/UserManagementSamples/UserManagementSamples.csproj" />
    <Project Path="user-management/samples/UserSearch/UserSearch.csproj" />
    <Project Path="user-management/samples/WebComponent/AuthenticationFlowWithWebComponent/AuthenticationFlowWithWebComponent.csproj" />
  </Folder>

  <Folder Name="/user-management/" />
  <Folder Name="/user-management/src/">
    <Project Path="user-management/src/UserManagement/UserManagement.csproj" />
  </Folder>
  <Folder Name="/user-management/test/">
    <Project Path="user-management/test/UserManagement.Tests.Internal/UserManagement.Tests.Internal.csproj" />
    <Project Path="user-management/test/UserManagement.Tests.Public/UserManagement.Tests.Public.csproj" />
  </Folder>
  <Folder Name="/user-management/testing/">
    <Project Path="user-management/testing/UserManagement.TestInfrastructure/UserManagement.TestInfrastructure.csproj" />
  </Folder>
  <Folder Name="/user-management/tools/">
    <Project Path="user-management/tools/PublicApi/PublicApi.csproj" />
  </Folder>

  <Folder Name="/storage/" />
  <Folder Name="/storage/src/">
    <Project Path="storage/src/Storage.CliPlugin/Storage.CliPlugin.csproj" />
    <Project Path="storage/src/Storage.MsSql/Storage.MsSql.csproj" />
    <Project Path="storage/src/Storage.PostgreSql/Storage.PostgreSql.csproj" />
    <Project Path="storage/src/Storage.Sqlite/Storage.Sqlite.csproj" />
    <Project Path="storage/src/Storage/Storage.csproj" />
  </Folder>
  <Folder Name="/storage/samples/">
    <Project Path="storage/samples/GettingStarted/GettingStarted.csproj" />
    <Project Path="storage/samples/EntityLinking/EntityLinking.csproj" />
    <Project Path="storage/samples/EavSchema/EavSchema.csproj" />
  </Folder>
  <Folder Name="/storage/test/">
    <Project Path="storage/test/Storage.MsSql.Tests/Storage.MsSql.Tests.csproj" />
    <Project Path="storage/test/Storage.PostgreSql.Tests/Storage.PostgreSql.Tests.csproj" />
    <Project Path="storage/test/Storage.Sqlite.Tests/Storage.Sqlite.Tests.csproj" />
    <Project Path="storage/test/Storage.Tests/Storage.Tests.csproj" />
  </Folder>
  <Folder Name="/storage/testing/">
    <Project Path="storage/testing/TestAppHost/TestAppHost.csproj" />
  </Folder>
  <Folder Name="/storage/benchmarks/">
    <Project Path="storage/benchmarks/Duende.Storage.Benchmarks.csproj" />
  </Folder>
  <Folder Name="/storage/tools/">
    <Project Path="storage/tools/PublicApi/PublicApi.csproj" />
  </Folder>
  <Folder Name="/shared/">
    <Project Path="shared/AppHost.Abstractions/AppHost.Abstractions.csproj" />
    <Project Path="shared/ShouldlyExtensions/ShouldlyExtensions.csproj" />
    <Project Path="shared/ValueObjectsGenerator/ValueObjectsGenerator.csproj" />
    <Project Path="shared/Xunit.Playwright/Xunit.Playwright.csproj" />
  </Folder>

</Solution>
